
Microsoft Visual Studio Solution File, Format Version 12.00
# Visual Studio Version 16
VisualStudioVersion = 16.0.34407.143
MinimumVisualStudioVersion = 10.0.40219.1
Project("{FAE04EC0-301F-11D3-BF4B-00C04F79EFBC}") = "GitHubReposTestApp.Android", "GitHubReposTestApp.Android\GitHubReposTestApp.Android.csproj", "{24A2C438-F0C8-455E-A804-D94B3CADA20B}"
EndProject
Project("{FAE04EC0-301F-11D3-BF4B-00C04F79EFBC}") = "GitHubReposTestApp", "GitHubReposTestApp\GitHubReposTestApp.csproj", "{7B8E0EB7-68E2-419D-B68A-ED01FCF91CA5}"
EndProject
Global
	GlobalSection(SolutionConfigurationPlatforms) = preSolution
		Debug|Any CPU = Debug|Any CPU
		Release|Any CPU = Release|Any CPU
	EndGlobalSection
	GlobalSection(ProjectConfigurationPlatforms) = postSolution
		{24A2C438-F0C8-455E-A804-D94B3CADA20B}.Debug|Any CPU.ActiveCfg = Debug|Any CPU
		{24A2C438-F0C8-455E-A804-D94B3CADA20B}.Debug|Any CPU.Build.0 = Debug|Any CPU
		{24A2C438-F0C8-455E-A804-D94B3CADA20B}.Debug|Any CPU.Deploy.0 = Debug|Any CPU
		{24A2C438-F0C8-455E-A804-D94B3CADA20B}.Release|Any CPU.ActiveCfg = Release|Any CPU
		{24A2C438-F0C8-455E-A804-D94B3CADA20B}.Release|Any CPU.Build.0 = Release|Any CPU
		{24A2C438-F0C8-455E-A804-D94B3CADA20B}.Release|Any CPU.Deploy.0 = Release|Any CPU
		{7B8E0EB7-68E2-419D-B68A-ED01FCF91CA5}.Debug|Any CPU.ActiveCfg = Debug|Any CPU
		{7B8E0EB7-68E2-419D-B68A-ED01FCF91CA5}.Debug|Any CPU.Build.0 = Debug|Any CPU
		{7B8E0EB7-68E2-419D-B68A-ED01FCF91CA5}.Debug|Any CPU.Deploy.0 = Debug|Any CPU
		{7B8E0EB7-68E2-419D-B68A-ED01FCF91CA5}.Release|Any CPU.ActiveCfg = Release|Any CPU
		{7B8E0EB7-68E2-419D-B68A-ED01FCF91CA5}.Release|Any CPU.Build.0 = Release|Any CPU
		{7B8E0EB7-68E2-419D-B68A-ED01FCF91CA5}.Release|Any CPU.Deploy.0 = Release|Any CPU
	EndGlobalSection
	GlobalSection(SolutionProperties) = preSolution
		HideSolutionNode = FALSE
	EndGlobalSection
	GlobalSection(ExtensibilityGlobals) = postSolution
		SolutionGuid = {E68B5577-7AAA-4598-BEEB-EE079BF0E4EA}
	EndGlobalSection
EndGlobal
